
Microsoft Visual Studio Solution File, Format Version 12.00
Project("{FAE04EC0-301F-11D3-BF4B-00C04F79EFBC}") = "lab_1", "lab_1\lab_1.csproj", "{BB7B6914-BD84-4369-A3F5-0CF36A3699C6}"
EndProject
Global
	GlobalSection(SolutionConfigurationPlatforms) = preSolution
		Debug|Any CPU = Debug|Any CPU
		Release|Any CPU = Release|Any CPU
	EndGlobalSection
	GlobalSection(ProjectConfigurationPlatforms) = postSolution
		{BB7B6914-BD84-4369-A3F5-0CF36A3699C6}.Debug|Any CPU.ActiveCfg = Debug|Any CPU
		{BB7B6914-BD84-4369-A3F5-0CF36A3699C6}.Debug|Any CPU.Build.0 = Debug|Any CPU
		{BB7B6914-BD84-4369-A3F5-0CF36A3699C6}.Release|Any CPU.ActiveCfg = Release|Any CPU
		{BB7B6914-BD84-4369-A3F5-0CF36A3699C6}.Release|Any CPU.Build.0 = Release|Any CPU
	EndGlobalSection
EndGlobal
